
Microsoft Visual Studio Solution File, Format Version 12.00
# Visual Studio Version 17
VisualStudioVersion = 17.14.36616.10
MinimumVisualStudioVersion = 10.0.40219.1
Project("{FAE04EC0-301F-11D3-BF4B-00C04F79EFBC}") = "PeluqueriaSystem", "PeluqueriaSystem\PeluqueriaSystem.csproj", "{FB84A69C-47D1-4A62-80D6-0BDABC1DA827}"
EndProject
Project("{FAE04EC0-301F-11D3-BF4B-00C04F79EFBC}") = "DOM", "DOM\DOM.csproj", "{139F498A-B336-4B9A-B71E-774BC31031A0}"
EndProject
Project("{FAE04EC0-301F-11D3-BF4B-00C04F79EFBC}") = "ABS", "ABS\ABS.csproj", "{35CB75D1-5DF2-493C-B401-904DF9C6E173}"
EndProject
Project("{FAE04EC0-301F-11D3-BF4B-00C04F79EFBC}") = "SERV", "SERV\SERV.csproj", "{52159020-4065-4736-B5C3-7E84107CEA25}"
EndProject
Project("{FAE04EC0-301F-11D3-BF4B-00C04F79EFBC}") = "CONTEXT", "CONTEXT\CONTEXT.csproj", "{13C7638C-D8B2-44BF-A23C-5851BF4D04F1}"
EndProject
Project("{FAE04EC0-301F-11D3-BF4B-00C04F79EFBC}") = "REPO", "REPO\REPO.csproj", "{D7652D1C-C0E3-4435-815A-7F4AA5390E25}"
EndProject
Project("{FAE04EC0-301F-11D3-BF4B-00C04F79EFBC}") = "APP", "APP\APP.csproj", "{C4D33974-504F-4C0A-8443-B37BA0383D4C}"
EndProject
Global
	GlobalSection(SolutionConfigurationPlatforms) = preSolution
		Debug|Any CPU = Debug|Any CPU
		Debug|x64 = Debug|x64
		Debug|x86 = Debug|x86
		Release|Any CPU = Release|Any CPU
		Release|x64 = Release|x64
		Release|x86 = Release|x86
	EndGlobalSection
	GlobalSection(ProjectConfigurationPlatforms) = postSolution
		{FB84A69C-47D1-4A62-80D6-0BDABC1DA827}.Debug|Any CPU.ActiveCfg = Debug|Any CPU
		{FB84A69C-47D1-4A62-80D6-0BDABC1DA827}.Debug|Any CPU.Build.0 = Debug|Any CPU
		{FB84A69C-47D1-4A62-80D6-0BDABC1DA827}.Debug|x64.ActiveCfg = Debug|Any CPU
		{FB84A69C-47D1-4A62-80D6-0BDABC1DA827}.Debug|x64.Build.0 = Debug|Any CPU
		{FB84A69C-47D1-4A62-80D6-0BDABC1DA827}.Debug|x86.ActiveCfg = Debug|Any CPU
		{FB84A69C-47D1-4A62-80D6-0BDABC1DA827}.Debug|x86.Build.0 = Debug|Any CPU
		{FB84A69C-47D1-4A62-80D6-0BDABC1DA827}.Release|Any CPU.ActiveCfg = Release|Any CPU
		{FB84A69C-47D1-4A62-80D6-0BDABC1DA827}.Release|Any CPU.Build.0 = Release|Any CPU
		{FB84A69C-47D1-4A62-80D6-0BDABC1DA827}.Release|x64.ActiveCfg = Release|Any CPU
		{FB84A69C-47D1-4A62-80D6-0BDABC1DA827}.Release|x64.Build.0 = Release|Any CPU
		{FB84A69C-47D1-4A62-80D6-0BDABC1DA827}.Release|x86.ActiveCfg = Release|Any CPU
		{FB84A69C-47D1-4A62-80D6-0BDABC1DA827}.Release|x86.Build.0 = Release|Any CPU
		{139F498A-B336-4B9A-B71E-774BC31031A0}.Debug|Any CPU.ActiveCfg = Debug|Any CPU
		{139F498A-B336-4B9A-B71E-774BC31031A0}.Debug|Any CPU.Build.0 = Debug|Any CPU
		{139F498A-B336-4B9A-B71E-774BC31031A0}.Debug|x64.ActiveCfg = Debug|Any CPU
		{139F498A-B336-4B9A-B71E-774BC31031A0}.Debug|x64.Build.0 = Debug|Any CPU
		{139F498A-B336-4B9A-B71E-774BC31031A0}.Debug|x86.ActiveCfg = Debug|Any CPU
		{139F498A-B336-4B9A-B71E-774BC31031A0}.Debug|x86.Build.0 = Debug|Any CPU
		{139F498A-B336-4B9A-B71E-774BC31031A0}.Release|Any CPU.ActiveCfg = Release|Any CPU
		{139F498A-B336-4B9A-B71E-774BC31031A0}.Release|Any CPU.Build.0 = Release|Any CPU
		{139F498A-B336-4B9A-B71E-774BC31031A0}.Release|x64.ActiveCfg = Release|Any CPU
		{139F498A-B336-4B9A-B71E-774BC31031A0}.Release|x64.Build.0 = Release|Any CPU
		{139F498A-B336-4B9A-B71E-774BC31031A0}.Release|x86.ActiveCfg = Release|Any CPU
		{139F498A-B336-4B9A-B71E-774BC31031A0}.Release|x86.Build.0 = Release|Any CPU
		{35CB75D1-5DF2-493C-B401-904DF9C6E173}.Debug|Any CPU.ActiveCfg = Debug|Any CPU
		{35CB75D1-5DF2-493C-B401-904DF9C6E173}.Debug|Any CPU.Build.0 = Debug|Any CPU
		{35CB75D1-5DF2-493C-B401-904DF9C6E173}.Debug|x64.ActiveCfg = Debug|Any CPU
		{35CB75D1-5DF2-493C-B401-904DF9C6E173}.Debug|x64.Build.0 = Debug|Any CPU
		{35CB75D1-5DF2-493C-B401-904DF9C6E173}.Debug|x86.ActiveCfg = Debug|Any CPU
		{35CB75D1-5DF2-493C-B401-904DF9C6E173}.Debug|x86.Build.0 = Debug|Any CPU
		{35CB75D1-5DF2-493C-B401-904DF9C6E173}.Release|Any CPU.ActiveCfg = Release|Any CPU
		{35CB75D1-5DF2-493C-B401-904DF9C6E173}.Release|Any CPU.Build.0 = Release|Any CPU
		{35CB75D1-5DF2-493C-B401-904DF9C6E173}.Release|x64.ActiveCfg = Release|Any CPU
		{35CB75D1-5DF2-493C-B401-904DF9C6E173}.Release|x64.Build.0 = Release|Any CPU
		{35CB75D1-5DF2-493C-B401-904DF9C6E173}.Release|x86.ActiveCfg = Release|Any CPU
		{35CB75D1-5DF2-493C-B401-904DF9C6E173}.Release|x86.Build.0 = Release|Any CPU
		{52159020-4065-4736-B5C3-7E84107CEA25}.Debug|Any CPU.ActiveCfg = Debug|Any CPU
		{52159020-4065-4736-B5C3-7E84107CEA25}.Debug|Any CPU.Build.0 = Debug|Any CPU
		{52159020-4065-4736-B5C3-7E84107CEA25}.Debug|x64.ActiveCfg = Debug|Any CPU
		{52159020-4065-4736-B5C3-7E84107CEA25}.Debug|x64.Build.0 = Debug|Any CPU
		{52159020-4065-4736-B5C3-7E84107CEA25}.Debug|x86.ActiveCfg = Debug|Any CPU
		{52159020-4065-4736-B5C3-7E84107CEA25}.Debug|x86.Build.0 = Debug|Any CPU
		{52159020-4065-4736-B5C3-7E84107CEA25}.Release|Any CPU.ActiveCfg = Release|Any CPU
		{52159020-4065-4736-B5C3-7E84107CEA25}.Release|Any CPU.Build.0 = Release|Any CPU
		{52159020-4065-4736-B5C3-7E84107CEA25}.Release|x64.ActiveCfg = Release|Any CPU
		{52159020-4065-4736-B5C3-7E84107CEA25}.Release|x64.Build.0 = Release|Any CPU
		{52159020-4065-4736-B5C3-7E84107CEA25}.Release|x86.ActiveCfg = Release|Any CPU
		{52159020-4065-4736-B5C3-7E84107CEA25}.Release|x86.Build.0 = Release|Any CPU
		{13C7638C-D8B2-44BF-A23C-5851BF4D04F1}.Debug|Any CPU.ActiveCfg = Debug|Any CPU
		{13C7638C-D8B2-44BF-A23C-5851BF4D04F1}.Debug|Any CPU.Build.0 = Debug|Any CPU
		{13C7638C-D8B2-44BF-A23C-5851BF4D04F1}.Debug|x64.ActiveCfg = Debug|Any CPU
		{13C7638C-D8B2-44BF-A23C-5851BF4D04F1}.Debug|x64.Build.0 = Debug|Any CPU
		{13C7638C-D8B2-44BF-A23C-5851BF4D04F1}.Debug|x86.ActiveCfg = Debug|Any CPU
		{13C7638C-D8B2-44BF-A23C-5851BF4D04F1}.Debug|x86.Build.0 = Debug|Any CPU
		{13C7638C-D8B2-44BF-A23C-5851BF4D04F1}.Release|Any CPU.ActiveCfg = Release|Any CPU
		{13C7638C-D8B2-44BF-A23C-5851BF4D04F1}.Release|Any CPU.Build.0 = Release|Any CPU
		{13C7638C-D8B2-44BF-A23C-5851BF4D04F1}.Release|x64.ActiveCfg = Release|Any CPU
		{13C7638C-D8B2-44BF-A23C-5851BF4D04F1}.Release|x64.Build.0 = Release|Any CPU
		{13C7638C-D8B2-44BF-A23C-5851BF4D04F1}.Release|x86.ActiveCfg = Release|Any CPU
		{13C7638C-D8B2-44BF-A23C-5851BF4D04F1}.Release|x86.Build.0 = Release|Any CPU
		{D7652D1C-C0E3-4435-815A-7F4AA5390E25}.Debug|Any CPU.ActiveCfg = Debug|Any CPU
		{D7652D1C-C0E3-4435-815A-7F4AA5390E25}.Debug|Any CPU.Build.0 = Debug|Any CPU
		{D7652D1C-C0E3-4435-815A-7F4AA5390E25}.Debug|x64.ActiveCfg = Debug|Any CPU
		{D7652D1C-C0E3-4435-815A-7F4AA5390E25}.Debug|x64.Build.0 = Debug|Any CPU
		{D7652D1C-C0E3-4435-815A-7F4AA5390E25}.Debug|x86.ActiveCfg = Debug|Any CPU
		{D7652D1C-C0E3-4435-815A-7F4AA5390E25}.Debug|x86.Build.0 = Debug|Any CPU
		{D7652D1C-C0E3-4435-815A-7F4AA5390E25}.Release|Any CPU.ActiveCfg = Release|Any CPU
		{D7652D1C-C0E3-4435-815A-7F4AA5390E25}.Release|Any CPU.Build.0 = Release|Any CPU
		{D7652D1C-C0E3-4435-815A-7F4AA5390E25}.Release|x64.ActiveCfg = Release|Any CPU
		{D7652D1C-C0E3-4435-815A-7F4AA5390E25}.Release|x64.Build.0 = Release|Any CPU
		{D7652D1C-C0E3-4435-815A-7F4AA5390E25}.Release|x86.ActiveCfg = Release|Any CPU
		{D7652D1C-C0E3-4435-815A-7F4AA5390E25}.Release|x86.Build.0 = Release|Any CPU
		{C4D33974-504F-4C0A-8443-B37BA0383D4C}.Debug|Any CPU.ActiveCfg = Debug|Any CPU
		{C4D33974-504F-4C0A-8443-B37BA0383D4C}.Debug|Any CPU.Build.0 = Debug|Any CPU
		{C4D33974-504F-4C0A-8443-B37BA0383D4C}.Debug|x64.ActiveCfg = Debug|Any CPU
		{C4D33974-504F-4C0A-8443-B37BA0383D4C}.Debug|x64.Build.0 = Debug|Any CPU
		{C4D33974-504F-4C0A-8443-B37BA0383D4C}.Debug|x86.ActiveCfg = Debug|Any CPU
		{C4D33974-504F-4C0A-8443-B37BA0383D4C}.Debug|x86.Build.0 = Debug|Any CPU
		{C4D33974-504F-4C0A-8443-B37BA0383D4C}.Release|Any CPU.ActiveCfg = Release|Any CPU
		{C4D33974-504F-4C0A-8443-B37BA0383D4C}.Release|Any CPU.Build.0 = Release|Any CPU
		{C4D33974-504F-4C0A-8443-B37BA0383D4C}.Release|x64.ActiveCfg = Release|Any CPU
		{C4D33974-504F-4C0A-8443-B37BA0383D4C}.Release|x64.Build.0 = Release|Any CPU
		{C4D33974-504F-4C0A-8443-B37BA0383D4C}.Release|x86.ActiveCfg = Release|Any CPU
		{C4D33974-504F-4C0A-8443-B37BA0383D4C}.Release|x86.Build.0 = Release|Any CPU
	EndGlobalSection
	GlobalSection(SolutionProperties) = preSolution
		HideSolutionNode = FALSE
	EndGlobalSection
	GlobalSection(ExtensibilityGlobals) = postSolution
		SolutionGuid = {5703B38B-59A6-4E93-9EA4-B78892C7E786}
	EndGlobalSection
EndGlobal
